
Microsoft Visual Studio Solution File, Format Version 12.00
# Visual Studio Version 17
VisualStudioVersion = 17.6.33723.286
MinimumVisualStudioVersion = 10.0.40219.1
Project("{9A19103F-16F7-4668-BE54-9A1E7A4F7556}") = "MinesApi", "MinesApi\MinesApi.csproj", "{02EB68F7-F97A-494D-A853-CEF7D30C675F}"
	ProjectSection(ProjectDependencies) = postProject
		{B4B26E83-8A40-483B-B15D-1EB904B61D2B} = {B4B26E83-8A40-483B-B15D-1EB904B61D2B}
	EndProjectSection
EndProject
Project("{9A19103F-16F7-4668-BE54-9A1E7A4F7556}") = "Entities", "Entities\Entities.csproj", "{B4B26E83-8A40-483B-B15D-1EB904B61D2B}"
EndProject
Project("{9A19103F-16F7-4668-BE54-9A1E7A4F7556}") = "Contracts", "Contracts\Contracts.csproj", "{8C43064E-1ACF-4855-8248-77464D14975E}"
EndProject
Project("{9A19103F-16F7-4668-BE54-9A1E7A4F7556}") = "Repository", "Repository\Repository.csproj", "{0C51DA5A-813A-4BB8-91E7-DFAA89BB3A2E}"
EndProject
Project("{9A19103F-16F7-4668-BE54-9A1E7A4F7556}") = "EntityContracts", "EntityContracts\EntityContracts.csproj", "{01D1A2EF-5A2C-4D06-A930-6492C5EED2FF}"
EndProject
Project("{9A19103F-16F7-4668-BE54-9A1E7A4F7556}") = "Services", "Services\Services.csproj", "{C3FE224B-DE7F-49C1-8C43-9A0BD27BE65C}"
EndProject
Project("{FAE04EC0-301F-11D3-BF4B-00C04F79EFBC}") = "Features", "Features\Features.csproj", "{854E4F22-40E6-4947-8E9E-690935C37002}"
EndProject
Global
	GlobalSection(SolutionConfigurationPlatforms) = preSolution
		Debug|Any CPU = Debug|Any CPU
		Release|Any CPU = Release|Any CPU
	EndGlobalSection
	GlobalSection(ProjectConfigurationPlatforms) = postSolution
		{02EB68F7-F97A-494D-A853-CEF7D30C675F}.Debug|Any CPU.ActiveCfg = Debug|Any CPU
		{02EB68F7-F97A-494D-A853-CEF7D30C675F}.Debug|Any CPU.Build.0 = Debug|Any CPU
		{02EB68F7-F97A-494D-A853-CEF7D30C675F}.Release|Any CPU.ActiveCfg = Release|Any CPU
		{02EB68F7-F97A-494D-A853-CEF7D30C675F}.Release|Any CPU.Build.0 = Release|Any CPU
		{B4B26E83-8A40-483B-B15D-1EB904B61D2B}.Debug|Any CPU.ActiveCfg = Debug|Any CPU
		{B4B26E83-8A40-483B-B15D-1EB904B61D2B}.Debug|Any CPU.Build.0 = Debug|Any CPU
		{B4B26E83-8A40-483B-B15D-1EB904B61D2B}.Release|Any CPU.ActiveCfg = Release|Any CPU
		{B4B26E83-8A40-483B-B15D-1EB904B61D2B}.Release|Any CPU.Build.0 = Release|Any CPU
		{8C43064E-1ACF-4855-8248-77464D14975E}.Debug|Any CPU.ActiveCfg = Debug|Any CPU
		{8C43064E-1ACF-4855-8248-77464D14975E}.Debug|Any CPU.Build.0 = Debug|Any CPU
		{8C43064E-1ACF-4855-8248-77464D14975E}.Release|Any CPU.ActiveCfg = Release|Any CPU
		{8C43064E-1ACF-4855-8248-77464D14975E}.Release|Any CPU.Build.0 = Release|Any CPU
		{0C51DA5A-813A-4BB8-91E7-DFAA89BB3A2E}.Debug|Any CPU.ActiveCfg = Debug|Any CPU
		{0C51DA5A-813A-4BB8-91E7-DFAA89BB3A2E}.Debug|Any CPU.Build.0 = Debug|Any CPU
		{0C51DA5A-813A-4BB8-91E7-DFAA89BB3A2E}.Release|Any CPU.ActiveCfg = Release|Any CPU
		{0C51DA5A-813A-4BB8-91E7-DFAA89BB3A2E}.Release|Any CPU.Build.0 = Release|Any CPU
		{01D1A2EF-5A2C-4D06-A930-6492C5EED2FF}.Debug|Any CPU.ActiveCfg = Debug|Any CPU
		{01D1A2EF-5A2C-4D06-A930-6492C5EED2FF}.Debug|Any CPU.Build.0 = Debug|Any CPU
		{01D1A2EF-5A2C-4D06-A930-6492C5EED2FF}.Release|Any CPU.ActiveCfg = Release|Any CPU
		{01D1A2EF-5A2C-4D06-A930-6492C5EED2FF}.Release|Any CPU.Build.0 = Release|Any CPU
		{C3FE224B-DE7F-49C1-8C43-9A0BD27BE65C}.Debug|Any CPU.ActiveCfg = Debug|Any CPU
		{C3FE224B-DE7F-49C1-8C43-9A0BD27BE65C}.Debug|Any CPU.Build.0 = Debug|Any CPU
		{C3FE224B-DE7F-49C1-8C43-9A0BD27BE65C}.Release|Any CPU.ActiveCfg = Release|Any CPU
		{C3FE224B-DE7F-49C1-8C43-9A0BD27BE65C}.Release|Any CPU.Build.0 = Release|Any CPU
		{854E4F22-40E6-4947-8E9E-690935C37002}.Debug|Any CPU.ActiveCfg = Debug|Any CPU
		{854E4F22-40E6-4947-8E9E-690935C37002}.Debug|Any CPU.Build.0 = Debug|Any CPU
		{854E4F22-40E6-4947-8E9E-690935C37002}.Release|Any CPU.ActiveCfg = Release|Any CPU
		{854E4F22-40E6-4947-8E9E-690935C37002}.Release|Any CPU.Build.0 = Release|Any CPU
	EndGlobalSection
	GlobalSection(SolutionProperties) = preSolution
		HideSolutionNode = FALSE
	EndGlobalSection
	GlobalSection(ExtensibilityGlobals) = postSolution
		SolutionGuid = {4B43BF65-0E97-4616-A539-61FF8AAB2A4E}
	EndGlobalSection
EndGlobal
